
Microsoft Visual Studio Solution File, Format Version 12.00
# Visual Studio Version 17
VisualStudioVersion = 17.4.33213.308
MinimumVisualStudioVersion = 10.0.40219.1
Project("{888888A0-9F3D-457C-B088-3A5042F75D52}") = "Assn2", "Assn2.pyproj", "{C8B39DA4-0FFF-4821-A746-19C7252D4DD5}"
EndProject
Global
	GlobalSection(SolutionConfigurationPlatforms) = preSolution
		Debug|Any CPU = Debug|Any CPU
		Release|Any CPU = Release|Any CPU
	EndGlobalSection
	GlobalSection(ProjectConfigurationPlatforms) = postSolution
		{C8B39DA4-0FFF-4821-A746-19C7252D4DD5}.Debug|Any CPU.ActiveCfg = Debug|Any CPU
		{C8B39DA4-0FFF-4821-A746-19C7252D4DD5}.Release|Any CPU.ActiveCfg = Release|Any CPU
	EndGlobalSection
	GlobalSection(SolutionProperties) = preSolution
		HideSolutionNode = FALSE
	EndGlobalSection
	GlobalSection(ExtensibilityGlobals) = postSolution
		SolutionGuid = {21C72AA3-FD1D-48D0-B924-740BAF90B2C9}
	EndGlobalSection
EndGlobal
